
Microsoft Visual Studio Solution File, Format Version 12.00
# Visual Studio Version 17
VisualStudioVersion = 17.11.35312.102
MinimumVisualStudioVersion = 10.0.40219.1
Project("{9A19103F-16F7-4668-BE54-9A1E7A4F7556}") = "Auth", "Auth\Auth.csproj", "{C0F84690-9839-46EC-9183-7AD28701574C}"
EndProject
Project("{9A19103F-16F7-4668-BE54-9A1E7A4F7556}") = "PricePoint.API.UnitOfWork", "PricePoint.API.UnitOfWork\PricePoint.API.UnitOfWork.csproj", "{139FCFD9-3C90-495E-B0FE-FDCBF6372694}"
EndProject
Global
	GlobalSection(SolutionConfigurationPlatforms) = preSolution
		Debug|Any CPU = Debug|Any CPU
		Release|Any CPU = Release|Any CPU
	EndGlobalSection
	GlobalSection(ProjectConfigurationPlatforms) = postSolution
		{C0F84690-9839-46EC-9183-7AD28701574C}.Debug|Any CPU.ActiveCfg = Debug|Any CPU
		{C0F84690-9839-46EC-9183-7AD28701574C}.Debug|Any CPU.Build.0 = Debug|Any CPU
		{C0F84690-9839-46EC-9183-7AD28701574C}.Release|Any CPU.ActiveCfg = Release|Any CPU
		{C0F84690-9839-46EC-9183-7AD28701574C}.Release|Any CPU.Build.0 = Release|Any CPU
		{139FCFD9-3C90-495E-B0FE-FDCBF6372694}.Debug|Any CPU.ActiveCfg = Debug|Any CPU
		{139FCFD9-3C90-495E-B0FE-FDCBF6372694}.Debug|Any CPU.Build.0 = Debug|Any CPU
		{139FCFD9-3C90-495E-B0FE-FDCBF6372694}.Release|Any CPU.ActiveCfg = Release|Any CPU
		{139FCFD9-3C90-495E-B0FE-FDCBF6372694}.Release|Any CPU.Build.0 = Release|Any CPU
	EndGlobalSection
	GlobalSection(SolutionProperties) = preSolution
		HideSolutionNode = FALSE
	EndGlobalSection
	GlobalSection(ExtensibilityGlobals) = postSolution
		SolutionGuid = {8BC4F547-E956-4787-BC3A-C86166D7206A}
	EndGlobalSection
EndGlobal
